
Microsoft Visual Studio Solution File, Format Version 12.00
# Visual Studio Version 16
VisualStudioVersion = 16.0.31019.35
MinimumVisualStudioVersion = 10.0.40219.1
Project("{FAE04EC0-301F-11D3-BF4B-00C04F79EFBC}") = "ReferenceTypes", "ReferenceTypes\ReferenceTypes.csproj", "{3F9BABC3-DA4A-4190-B262-FB947ADD488E}"
EndProject
Project("{FAE04EC0-301F-11D3-BF4B-00C04F79EFBC}") = "ValueTypes", "ValueTypes\ValueTypes.csproj", "{78916388-49D0-47A9-BAF0-9AD18A45B4FD}"
EndProject
Project("{FAE04EC0-301F-11D3-BF4B-00C04F79EFBC}") = "Arithmetic", "Arithmetic\Arithmetic.csproj", "{D94A84DD-F27A-4461-A0CB-7C090D376CD4}"
EndProject
Project("{FAE04EC0-301F-11D3-BF4B-00C04F79EFBC}") = "Comparasion", "Comparasion\Comparasion.csproj", "{1BF90B1C-AC9D-4C1C-9B5D-22ED77DE9641}"
EndProject
Project("{FAE04EC0-301F-11D3-BF4B-00C04F79EFBC}") = "Conditionals", "IfElse\Conditionals.csproj", "{203079A9-833B-4FEA-A4D9-427454A425B6}"
EndProject
Project("{FAE04EC0-301F-11D3-BF4B-00C04F79EFBC}") = "LoopExamples", "LoopExamples\LoopExamples.csproj", "{C4F4B2F8-95F4-4CBF-B284-03871F66B005}"
EndProject
Project("{FAE04EC0-301F-11D3-BF4B-00C04F79EFBC}") = "Classes", "Classes\Classes.csproj", "{02F3E4BD-2C37-4703-A1A1-89F87670AE36}"
EndProject
Project("{FAE04EC0-301F-11D3-BF4B-00C04F79EFBC}") = "InheritanceClasses", "InheritanceClasses\InheritanceClasses.csproj", "{96CDF1F8-97AB-4A6C-A592-518456797ABC}"
EndProject
Project("{FAE04EC0-301F-11D3-BF4B-00C04F79EFBC}") = "RepositoryPattern", "RepositoryPattern\RepositoryPattern.csproj", "{8CF5FFAF-AEB8-4DC7-8D16-0ABA065AAF9E}"
EndProject
Project("{FAE04EC0-301F-11D3-BF4B-00C04F79EFBC}") = "StreamingContentRepositoryTest", "StreamingContentRepositoryTest\StreamingContentRepositoryTest.csproj", "{18CC60D6-43DF-46C0-B4AA-1256DC604F17}"
EndProject
Project("{FAE04EC0-301F-11D3-BF4B-00C04F79EFBC}") = "StreamingContent_Inheritance", "StreamingContent_Inheritance\StreamingContent_Inheritance.csproj", "{D82B027F-414C-4BC1-B516-F8D68AEB6D71}"
EndProject
Global
	GlobalSection(SolutionConfigurationPlatforms) = preSolution
		Debug|Any CPU = Debug|Any CPU
		Release|Any CPU = Release|Any CPU
	EndGlobalSection
	GlobalSection(ProjectConfigurationPlatforms) = postSolution
		{3F9BABC3-DA4A-4190-B262-FB947ADD488E}.Debug|Any CPU.ActiveCfg = Debug|Any CPU
		{3F9BABC3-DA4A-4190-B262-FB947ADD488E}.Debug|Any CPU.Build.0 = Debug|Any CPU
		{3F9BABC3-DA4A-4190-B262-FB947ADD488E}.Release|Any CPU.ActiveCfg = Release|Any CPU
		{3F9BABC3-DA4A-4190-B262-FB947ADD488E}.Release|Any CPU.Build.0 = Release|Any CPU
		{78916388-49D0-47A9-BAF0-9AD18A45B4FD}.Debug|Any CPU.ActiveCfg = Debug|Any CPU
		{78916388-49D0-47A9-BAF0-9AD18A45B4FD}.Debug|Any CPU.Build.0 = Debug|Any CPU
		{78916388-49D0-47A9-BAF0-9AD18A45B4FD}.Release|Any CPU.ActiveCfg = Release|Any CPU
		{78916388-49D0-47A9-BAF0-9AD18A45B4FD}.Release|Any CPU.Build.0 = Release|Any CPU
		{D94A84DD-F27A-4461-A0CB-7C090D376CD4}.Debug|Any CPU.ActiveCfg = Debug|Any CPU
		{D94A84DD-F27A-4461-A0CB-7C090D376CD4}.Debug|Any CPU.Build.0 = Debug|Any CPU
		{D94A84DD-F27A-4461-A0CB-7C090D376CD4}.Release|Any CPU.ActiveCfg = Release|Any CPU
		{D94A84DD-F27A-4461-A0CB-7C090D376CD4}.Release|Any CPU.Build.0 = Release|Any CPU
		{1BF90B1C-AC9D-4C1C-9B5D-22ED77DE9641}.Debug|Any CPU.ActiveCfg = Debug|Any CPU
		{1BF90B1C-AC9D-4C1C-9B5D-22ED77DE9641}.Debug|Any CPU.Build.0 = Debug|Any CPU
		{1BF90B1C-AC9D-4C1C-9B5D-22ED77DE9641}.Release|Any CPU.ActiveCfg = Release|Any CPU
		{1BF90B1C-AC9D-4C1C-9B5D-22ED77DE9641}.Release|Any CPU.Build.0 = Release|Any CPU
		{203079A9-833B-4FEA-A4D9-427454A425B6}.Debug|Any CPU.ActiveCfg = Debug|Any CPU
		{203079A9-833B-4FEA-A4D9-427454A425B6}.Debug|Any CPU.Build.0 = Debug|Any CPU
		{203079A9-833B-4FEA-A4D9-427454A425B6}.Release|Any CPU.ActiveCfg = Release|Any CPU
		{203079A9-833B-4FEA-A4D9-427454A425B6}.Release|Any CPU.Build.0 = Release|Any CPU
		{C4F4B2F8-95F4-4CBF-B284-03871F66B005}.Debug|Any CPU.ActiveCfg = Debug|Any CPU
		{C4F4B2F8-95F4-4CBF-B284-03871F66B005}.Debug|Any CPU.Build.0 = Debug|Any CPU
		{C4F4B2F8-95F4-4CBF-B284-03871F66B005}.Release|Any CPU.ActiveCfg = Release|Any CPU
		{C4F4B2F8-95F4-4CBF-B284-03871F66B005}.Release|Any CPU.Build.0 = Release|Any CPU
		{02F3E4BD-2C37-4703-A1A1-89F87670AE36}.Debug|Any CPU.ActiveCfg = Debug|Any CPU
		{02F3E4BD-2C37-4703-A1A1-89F87670AE36}.Debug|Any CPU.Build.0 = Debug|Any CPU
		{02F3E4BD-2C37-4703-A1A1-89F87670AE36}.Release|Any CPU.ActiveCfg = Release|Any CPU
		{02F3E4BD-2C37-4703-A1A1-89F87670AE36}.Release|Any CPU.Build.0 = Release|Any CPU
		{96CDF1F8-97AB-4A6C-A592-518456797ABC}.Debug|Any CPU.ActiveCfg = Debug|Any CPU
		{96CDF1F8-97AB-4A6C-A592-518456797ABC}.Debug|Any CPU.Build.0 = Debug|Any CPU
		{96CDF1F8-97AB-4A6C-A592-518456797ABC}.Release|Any CPU.ActiveCfg = Release|Any CPU
		{96CDF1F8-97AB-4A6C-A592-518456797ABC}.Release|Any CPU.Build.0 = Release|Any CPU
		{8CF5FFAF-AEB8-4DC7-8D16-0ABA065AAF9E}.Debug|Any CPU.ActiveCfg = Debug|Any CPU
		{8CF5FFAF-AEB8-4DC7-8D16-0ABA065AAF9E}.Debug|Any CPU.Build.0 = Debug|Any CPU
		{8CF5FFAF-AEB8-4DC7-8D16-0ABA065AAF9E}.Release|Any CPU.ActiveCfg = Release|Any CPU
		{8CF5FFAF-AEB8-4DC7-8D16-0ABA065AAF9E}.Release|Any CPU.Build.0 = Release|Any CPU
		{18CC60D6-43DF-46C0-B4AA-1256DC604F17}.Debug|Any CPU.ActiveCfg = Debug|Any CPU
		{18CC60D6-43DF-46C0-B4AA-1256DC604F17}.Debug|Any CPU.Build.0 = Debug|Any CPU
		{18CC60D6-43DF-46C0-B4AA-1256DC604F17}.Release|Any CPU.ActiveCfg = Release|Any CPU
		{18CC60D6-43DF-46C0-B4AA-1256DC604F17}.Release|Any CPU.Build.0 = Release|Any CPU
		{D82B027F-414C-4BC1-B516-F8D68AEB6D71}.Debug|Any CPU.ActiveCfg = Debug|Any CPU
		{D82B027F-414C-4BC1-B516-F8D68AEB6D71}.Debug|Any CPU.Build.0 = Debug|Any CPU
		{D82B027F-414C-4BC1-B516-F8D68AEB6D71}.Release|Any CPU.ActiveCfg = Release|Any CPU
		{D82B027F-414C-4BC1-B516-F8D68AEB6D71}.Release|Any CPU.Build.0 = Release|Any CPU
	EndGlobalSection
	GlobalSection(SolutionProperties) = preSolution
		HideSolutionNode = FALSE
	EndGlobalSection
	GlobalSection(ExtensibilityGlobals) = postSolution
		SolutionGuid = {F86A0D1A-EF70-4ACD-ABB6-9FAD0378CF29}
	EndGlobalSection
EndGlobal
