
Microsoft Visual Studio Solution File, Format Version 12.00
# Visual Studio Version 16
VisualStudioVersion = 16.0.31019.35
MinimumVisualStudioVersion = 10.0.40219.1
Project("{FAE04EC0-301F-11D3-BF4B-00C04F79EFBC}") = "ReferenceTypes", "ReferenceTypes\ReferenceTypes.csproj", "{3F9BABC3-DA4A-4190-B262-FB947ADD488E}"
EndProject
Project("{FAE04EC0-301F-11D3-BF4B-00C04F79EFBC}") = "ValueTypes", "ValueTypes\ValueTypes.csproj", "{78916388-49D0-47A9-BAF0-9AD18A45B4FD}"
EndProject
Project("{FAE04EC0-301F-11D3-BF4B-00C04F79EFBC}") = "Arithmetic", "Arithmetic\Arithmetic.csproj", "{D94A84DD-F27A-4461-A0CB-7C090D376CD4}"
EndProject
Project("{FAE04EC0-301F-11D3-BF4B-00C04F79EFBC}") = "Comparasion", "Comparasion\Comparasion.csproj", "{1BF90B1C-AC9D-4C1C-9B5D-22ED77DE9641}"
EndProject
Project("{FAE04EC0-301F-11D3-BF4B-00C04F79EFBC}") = "Conditionals", "IfElse\Conditionals.csproj", "{203079A9-833B-4FEA-A4D9-427454A425B6}"
EndProject
Global
	GlobalSection(SolutionConfigurationPlatforms) = preSolution
		Debug|Any CPU = Debug|Any CPU
		Release|Any CPU = Release|Any CPU
	EndGlobalSection
	GlobalSection(ProjectConfigurationPlatforms) = postSolution
		{3F9BABC3-DA4A-4190-B262-FB947ADD488E}.Debug|Any CPU.ActiveCfg = Debug|Any CPU
		{3F9BABC3-DA4A-4190-B262-FB947ADD488E}.Debug|Any CPU.Build.0 = Debug|Any CPU
		{3F9BABC3-DA4A-4190-B262-FB947ADD488E}.Release|Any CPU.ActiveCfg = Release|Any CPU
		{3F9BABC3-DA4A-4190-B262-FB947ADD488E}.Release|Any CPU.Build.0 = Release|Any CPU
		{78916388-49D0-47A9-BAF0-9AD18A45B4FD}.Debug|Any CPU.ActiveCfg = Debug|Any CPU
		{78916388-49D0-47A9-BAF0-9AD18A45B4FD}.Debug|Any CPU.Build.0 = Debug|Any CPU
		{78916388-49D0-47A9-BAF0-9AD18A45B4FD}.Release|Any CPU.ActiveCfg = Release|Any CPU
		{78916388-49D0-47A9-BAF0-9AD18A45B4FD}.Release|Any CPU.Build.0 = Release|Any CPU
		{D94A84DD-F27A-4461-A0CB-7C090D376CD4}.Debug|Any CPU.ActiveCfg = Debug|Any CPU
		{D94A84DD-F27A-4461-A0CB-7C090D376CD4}.Debug|Any CPU.Build.0 = Debug|Any CPU
		{D94A84DD-F27A-4461-A0CB-7C090D376CD4}.Release|Any CPU.ActiveCfg = Release|Any CPU
		{D94A84DD-F27A-4461-A0CB-7C090D376CD4}.Release|Any CPU.Build.0 = Release|Any CPU
		{1BF90B1C-AC9D-4C1C-9B5D-22ED77DE9641}.Debug|Any CPU.ActiveCfg = Debug|Any CPU
		{1BF90B1C-AC9D-4C1C-9B5D-22ED77DE9641}.Debug|Any CPU.Build.0 = Debug|Any CPU
		{1BF90B1C-AC9D-4C1C-9B5D-22ED77DE9641}.Release|Any CPU.ActiveCfg = Release|Any CPU
		{1BF90B1C-AC9D-4C1C-9B5D-22ED77DE9641}.Release|Any CPU.Build.0 = Release|Any CPU
		{203079A9-833B-4FEA-A4D9-427454A425B6}.Debug|Any CPU.ActiveCfg = Debug|Any CPU
		{203079A9-833B-4FEA-A4D9-427454A425B6}.Debug|Any CPU.Build.0 = Debug|Any CPU
		{203079A9-833B-4FEA-A4D9-427454A425B6}.Release|Any CPU.ActiveCfg = Release|Any CPU
		{203079A9-833B-4FEA-A4D9-427454A425B6}.Release|Any CPU.Build.0 = Release|Any CPU
	EndGlobalSection
	GlobalSection(SolutionProperties) = preSolution
		HideSolutionNode = FALSE
	EndGlobalSection
	GlobalSection(ExtensibilityGlobals) = postSolution
		SolutionGuid = {F86A0D1A-EF70-4ACD-ABB6-9FAD0378CF29}
	EndGlobalSection
EndGlobal
